// !$*UTF8*$!
{
	archiveVersion = 1;
	classes = {
	};
	objectVersion = 46;
	objects = {

/* Begin PBXBuildFile section */
		DE4C68671DD719A200F7F26D /* DemoTableViewCell.m in Sources */ = {isa = PBXBuildFile; fileRef = DE4C68661DD719A200F7F26D /* DemoTableViewCell.m */; };
		DE4C68691DD71DA400F7F26D /* Data.plist in Resources */ = {isa = PBXBuildFile; fileRef = DE4C68681DD71DA400F7F26D /* Data.plist */; };
		DE4C68751DD74B7E00F7F26D /* IconUIView.m in Sources */ = {isa = PBXBuildFile; fileRef = DE4C68741DD74B7E00F7F26D /* IconUIView.m */; };
		DE4C68781DD7902D00F7F26D /* ADTableViewCell.m in Sources */ = {isa = PBXBuildFile; fileRef = DE4C68771DD7902D00F7F26D /* ADTableViewCell.m */; };
		DE4C687B1DD7906100F7F26D /* ADUIView.m in Sources */ = {isa = PBXBuildFile; fileRef = DE4C687A1DD7906100F7F26D /* ADUIView.m */; };
		DE4C687E1DD795EB00F7F26D /* ChooseTableViewCell.m in Sources */ = {isa = PBXBuildFile; fileRef = DE4C687D1DD795EB00F7F26D /* ChooseTableViewCell.m */; };
		DE4C68811DD804E500F7F26D /* ChooseUIView.m in Sources */ = {isa = PBXBuildFile; fileRef = DE4C68801DD804E500F7F26D /* ChooseUIView.m */; };
		DEAB69181DD4906900707909 /* main.m in Sources */ = {isa = PBXBuildFile; fileRef = DEAB69171DD4906900707909 /* main.m */; };
		DEAB691B1DD4906900707909 /* AppDelegate.m in Sources */ = {isa = PBXBuildFile; fileRef = DEAB691A1DD4906900707909 /* AppDelegate.m */; };
		DEAB69231DD4906900707909 /* Assets.xcassets in Resources */ = {isa = PBXBuildFile; fileRef = DEAB69221DD4906900707909 /* Assets.xcassets */; };
		DEAB692E1DD4915B00707909 /* Launch Screen.storyboard in Resources */ = {isa = PBXBuildFile; fileRef = DEAB692D1DD4915B00707909 /* Launch Screen.storyboard */; };
		DEAB695D1DD4AFF000707909 /* MainViewController.m in Sources */ = {isa = PBXBuildFile; fileRef = DEAB695C1DD4AFF000707909 /* MainViewController.m */; };
		DEAB69601DD4B14200707909 /* Data.m in Sources */ = {isa = PBXBuildFile; fileRef = DEAB695F1DD4B14200707909 /* Data.m */; };
		DEAB69631DD4B60200707909 /* ShowTableViewCell.m in Sources */ = {isa = PBXBuildFile; fileRef = DEAB69621DD4B60200707909 /* ShowTableViewCell.m */; };
/* End PBXBuildFile section */

/* Begin PBXFileReference section */
		DE4C68651DD719A200F7F26D /* DemoTableViewCell.h */ = {isa = PBXFileReference; fileEncoding = 4; lastKnownFileType = sourcecode.c.h; path = DemoTableViewCell.h; sourceTree = "<group>"; };
		DE4C68661DD719A200F7F26D /* DemoTableViewCell.m */ = {isa = PBXFileReference; fileEncoding = 4; lastKnownFileType = sourcecode.c.objc; path = DemoTableViewCell.m; sourceTree = "<group>"; };
		DE4C68681DD71DA400F7F26D /* Data.plist */ = {isa = PBXFileReference; fileEncoding = 4; lastKnownFileType = text.plist.xml; path = Data.plist; sourceTree = "<group>"; };
		DE4C68731DD74B7E00F7F26D /* IconUIView.h */ = {isa = PBXFileReference; fileEncoding = 4; lastKnownFileType = sourcecode.c.h; path = IconUIView.h; sourceTree = "<group>"; };
		DE4C68741DD74B7E00F7F26D /* IconUIView.m */ = {isa = PBXFileReference; fileEncoding = 4; lastKnownFileType = sourcecode.c.objc; path = IconUIView.m; sourceTree = "<group>"; };
		DE4C68761DD7902D00F7F26D /* ADTableViewCell.h */ = {isa = PBXFileReference; fileEncoding = 4; lastKnownFileType = sourcecode.c.h; path = ADTableViewCell.h; sourceTree = "<group>"; };
		DE4C68771DD7902D00F7F26D /* ADTableViewCell.m */ = {isa = PBXFileReference; fileEncoding = 4; lastKnownFileType = sourcecode.c.objc; path = ADTableViewCell.m; sourceTree = "<group>"; };
		DE4C68791DD7906100F7F26D /* ADUIView.h */ = {isa = PBXFileReference; fileEncoding = 4; lastKnownFileType = sourcecode.c.h; path = ADUIView.h; sourceTree = "<group>"; };
		DE4C687A1DD7906100F7F26D /* ADUIView.m */ = {isa = PBXFileReference; fileEncoding = 4; lastKnownFileType = sourcecode.c.objc; path = ADUIView.m; sourceTree = "<group>"; };
		DE4C687C1DD795EB00F7F26D /* ChooseTableViewCell.h */ = {isa = PBXFileReference; fileEncoding = 4; lastKnownFileType = sourcecode.c.h; path = ChooseTableViewCell.h; sourceTree = "<group>"; };
		DE4C687D1DD795EB00F7F26D /* ChooseTableViewCell.m */ = {isa = PBXFileReference; fileEncoding = 4; lastKnownFileType = sourcecode.c.objc; path = ChooseTableViewCell.m; sourceTree = "<group>"; };
		DE4C687F1DD804E500F7F26D /* ChooseUIView.h */ = {isa = PBXFileReference; fileEncoding = 4; lastKnownFileType = sourcecode.c.h; path = ChooseUIView.h; sourceTree = "<group>"; };
		DE4C68801DD804E500F7F26D /* ChooseUIView.m */ = {isa = PBXFileReference; fileEncoding = 4; lastKnownFileType = sourcecode.c.objc; path = ChooseUIView.m; sourceTree = "<group>"; };
		DEAB69131DD4906900707909 /* WaterFall.app */ = {isa = PBXFileReference; explicitFileType = wrapper.application; includeInIndex = 0; path = WaterFall.app; sourceTree = BUILT_PRODUCTS_DIR; };
		DEAB69171DD4906900707909 /* main.m */ = {isa = PBXFileReference; lastKnownFileType = sourcecode.c.objc; path = main.m; sourceTree = "<group>"; };
		DEAB69191DD4906900707909 /* AppDelegate.h */ = {isa = PBXFileReference; lastKnownFileType = sourcecode.c.h; path = AppDelegate.h; sourceTree = "<group>"; };
		DEAB691A1DD4906900707909 /* AppDelegate.m */ = {isa = PBXFileReference; lastKnownFileType = sourcecode.c.objc; path = AppDelegate.m; sourceTree = "<group>"; };
		DEAB69221DD4906900707909 /* Assets.xcassets */ = {isa = PBXFileReference; lastKnownFileType = folder.assetcatalog; path = Assets.xcassets; sourceTree = "<group>"; };
		DEAB69271DD4906900707909 /* Info.plist */ = {isa = PBXFileReference; lastKnownFileType = text.plist.xml; path = Info.plist; sourceTree = "<group>"; };
		DEAB692D1DD4915B00707909 /* Launch Screen.storyboard */ = {isa = PBXFileReference; fileEncoding = 4; lastKnownFileType = file.storyboard; path = "Launch Screen.storyboard"; sourceTree = "<group>"; };
		DEAB695B1DD4AFF000707909 /* MainViewController.h */ = {isa = PBXFileReference; fileEncoding = 4; lastKnownFileType = sourcecode.c.h; path = MainViewController.h; sourceTree = "<group>"; };
		DEAB695C1DD4AFF000707909 /* MainViewController.m */ = {isa = PBXFileReference; fileEncoding = 4; lastKnownFileType = sourcecode.c.objc; path = MainViewController.m; sourceTree = "<group>"; };
		DEAB695E1DD4B14200707909 /* Data.h */ = {isa = PBXFileReference; fileEncoding = 4; lastKnownFileType = sourcecode.c.h; path = Data.h; sourceTree = "<group>"; };
		DEAB695F1DD4B14200707909 /* Data.m */ = {isa = PBXFileReference; fileEncoding = 4; lastKnownFileType = sourcecode.c.objc; path = Data.m; sourceTree = "<group>"; };
		DEAB69611DD4B60200707909 /* ShowTableViewCell.h */ = {isa = PBXFileReference; fileEncoding = 4; lastKnownFileType = sourcecode.c.h; path = ShowTableViewCell.h; sourceTree = "<group>"; };
		DEAB69621DD4B60200707909 /* ShowTableViewCell.m */ = {isa = PBXFileReference; fileEncoding = 4; lastKnownFileType = sourcecode.c.objc; path = ShowTableViewCell.m; sourceTree = "<group>"; };
/* End PBXFileReference section */

/* Begin PBXFrameworksBuildPhase section */
		DEAB69101DD4906900707909 /* Frameworks */ = {
			isa = PBXFrameworksBuildPhase;
			buildActionMask = 2147483647;
			files = (
			);
			runOnlyForDeploymentPostprocessing = 0;
		};
/* End PBXFrameworksBuildPhase section */

/* Begin PBXGroup section */
		DEAB690A1DD4906800707909 = {
			isa = PBXGroup;
			children = (
				DEAB69151DD4906900707909 /* WaterFall */,
				DEAB69141DD4906900707909 /* Products */,
			);
			sourceTree = "<group>";
		};
		DEAB69141DD4906900707909 /* Products */ = {
			isa = PBXGroup;
			children = (
				DEAB69131DD4906900707909 /* WaterFall.app */,
			);
			name = Products;
			sourceTree = "<group>";
		};
		DEAB69151DD4906900707909 /* WaterFall */ = {
			isa = PBXGroup;
			children = (
				DEAB69191DD4906900707909 /* AppDelegate.h */,
				DEAB691A1DD4906900707909 /* AppDelegate.m */,
				DEAB69221DD4906900707909 /* Assets.xcassets */,
				DEAB69271DD4906900707909 /* Info.plist */,
				DEAB69161DD4906900707909 /* Supporting Files */,
				DEAB692D1DD4915B00707909 /* Launch Screen.storyboard */,
				DEAB695B1DD4AFF000707909 /* MainViewController.h */,
				DEAB695C1DD4AFF000707909 /* MainViewController.m */,
				DEAB695E1DD4B14200707909 /* Data.h */,
				DEAB695F1DD4B14200707909 /* Data.m */,
				DEAB69611DD4B60200707909 /* ShowTableViewCell.h */,
				DEAB69621DD4B60200707909 /* ShowTableViewCell.m */,
				DE4C68651DD719A200F7F26D /* DemoTableViewCell.h */,
				DE4C68661DD719A200F7F26D /* DemoTableViewCell.m */,
				DE4C68681DD71DA400F7F26D /* Data.plist */,
				DE4C68731DD74B7E00F7F26D /* IconUIView.h */,
				DE4C68741DD74B7E00F7F26D /* IconUIView.m */,
				DE4C68761DD7902D00F7F26D /* ADTableViewCell.h */,
				DE4C68771DD7902D00F7F26D /* ADTableViewCell.m */,
				DE4C68791DD7906100F7F26D /* ADUIView.h */,
				DE4C687A1DD7906100F7F26D /* ADUIView.m */,
				DE4C687C1DD795EB00F7F26D /* ChooseTableViewCell.h */,
				DE4C687D1DD795EB00F7F26D /* ChooseTableViewCell.m */,
				DE4C687F1DD804E500F7F26D /* ChooseUIView.h */,
				DE4C68801DD804E500F7F26D /* ChooseUIView.m */,
			);
			path = WaterFall;
			sourceTree = "<group>";
		};
		DEAB69161DD4906900707909 /* Supporting Files */ = {
			isa = PBXGroup;
			children = (
				DEAB69171DD4906900707909 /* main.m */,
			);
			name = "Supporting Files";
			sourceTree = "<group>";
		};
/* End PBXGroup section */

/* Begin PBXNativeTarget section */
		DEAB69121DD4906900707909 /* WaterFall */ = {
			isa = PBXNativeTarget;
			buildConfigurationList = DEAB692A1DD4906900707909 /* Build configuration list for PBXNativeTarget "WaterFall" */;
			buildPhases = (
				DEAB690F1DD4906900707909 /* Sources */,
				DEAB69101DD4906900707909 /* Frameworks */,
				DEAB69111DD4906900707909 /* Resources */,
			);
			buildRules = (
			);
			dependencies = (
			);
			name = WaterFall;
			productName = WaterFall;
			productReference = DEAB69131DD4906900707909 /* WaterFall.app */;
			productType = "com.apple.product-type.application";
		};
/* End PBXNativeTarget section */

/* Begin PBXProject section */
		DEAB690B1DD4906800707909 /* Project object */ = {
			isa = PBXProject;
			attributes = {
				LastUpgradeCheck = 0800;
				ORGANIZATIONNAME = "李恺林";
				TargetAttributes = {
					DEAB69121DD4906900707909 = {
						CreatedOnToolsVersion = 8.0;
						DevelopmentTeam = 4A6WKDWV93;
						ProvisioningStyle = Automatic;
					};
				};
			};
			buildConfigurationList = DEAB690E1DD4906800707909 /* Build configuration list for PBXProject "WaterFall" */;
			compatibilityVersion = "Xcode 3.2";
			developmentRegion = English;
			hasScannedForEncodings = 0;
			knownRegions = (
				en,
				Base,
			);
			mainGroup = DEAB690A1DD4906800707909;
			productRefGroup = DEAB69141DD4906900707909 /* Products */;
			projectDirPath = "";
			projectRoot = "";
			targets = (
				DEAB69121DD4906900707909 /* WaterFall */,
			);
		};
/* End PBXProject section */

/* Begin PBXResourcesBuildPhase section */
		DEAB69111DD4906900707909 /* Resources */ = {
			isa = PBXResourcesBuildPhase;
			buildActionMask = 2147483647;
			files = (
				DE4C68691DD71DA400F7F26D /* Data.plist in Resources */,
				DEAB692E1DD4915B00707909 /* Launch Screen.storyboard in Resources */,
				DEAB69231DD4906900707909 /* Assets.xcassets in Resources */,
			);
			runOnlyForDeploymentPostprocessing = 0;
		};
/* End PBXResourcesBuildPhase section */

/* Begin PBXSourcesBuildPhase section */
		DEAB690F1DD4906900707909 /* Sources */ = {
			isa = PBXSourcesBuildPhase;
			buildActionMask = 2147483647;
			files = (
				DEAB691B1DD4906900707909 /* AppDelegate.m in Sources */,
				DEAB695D1DD4AFF000707909 /* MainViewController.m in Sources */,
				DE4C68751DD74B7E00F7F26D /* IconUIView.m in Sources */,
				DE4C68811DD804E500F7F26D /* ChooseUIView.m in Sources */,
				DE4C68671DD719A200F7F26D /* DemoTableViewCell.m in Sources */,
				DE4C68781DD7902D00F7F26D /* ADTableViewCell.m in Sources */,
				DEAB69181DD4906900707909 /* main.m in Sources */,
				DEAB69601DD4B14200707909 /* Data.m in Sources */,
				DE4C687B1DD7906100F7F26D /* ADUIView.m in Sources */,
				DE4C687E1DD795EB00F7F26D /* ChooseTableViewCell.m in Sources */,
				DEAB69631DD4B60200707909 /* ShowTableViewCell.m in Sources */,
			);
			runOnlyForDeploymentPostprocessing = 0;
		};
/* End PBXSourcesBuildPhase section */

/* Begin XCBuildConfiguration section */
		DEAB69281DD4906900707909 /* Debug */ = {
			isa = XCBuildConfiguration;
			buildSettings = {
				ALWAYS_SEARCH_USER_PATHS = NO;
				CLANG_ANALYZER_NONNULL = YES;
				CLANG_CXX_LANGUAGE_STANDARD = "gnu++0x";
				CLANG_CXX_LIBRARY = "libc++";
				CLANG_ENABLE_MODULES = YES;
				CLANG_ENABLE_OBJC_ARC = YES;
				CLANG_WARN_BOOL_CONVERSION = YES;
				CLANG_WARN_CONSTANT_CONVERSION = YES;
				CLANG_WARN_DIRECT_OBJC_ISA_USAGE = YES_ERROR;
				CLANG_WARN_DOCUMENTATION_COMMENTS = YES;
				CLANG_WARN_EMPTY_BODY = YES;
				CLANG_WARN_ENUM_CONVERSION = YES;
				CLANG_WARN_INFINITE_RECURSION = YES;
				CLANG_WARN_INT_CONVERSION = YES;
				CLANG_WARN_OBJC_ROOT_CLASS = YES_ERROR;
				CLANG_WARN_SUSPICIOUS_MOVES = YES;
				CLANG_WARN_UNREACHABLE_CODE = YES;
				CLANG_WARN__DUPLICATE_METHOD_MATCH = YES;
				"CODE_SIGN_IDENTITY[sdk=iphoneos*]" = "iPhone Developer";
				COPY_PHASE_STRIP = NO;
				DEBUG_INFORMATION_FORMAT = dwarf;
				ENABLE_STRICT_OBJC_MSGSEND = YES;
				ENABLE_TESTABILITY = YES;
				GCC_C_LANGUAGE_STANDARD = gnu99;
				GCC_DYNAMIC_NO_PIC = NO;
				GCC_NO_COMMON_BLOCKS = YES;
				GCC_OPTIMIZATION_LEVEL = 0;
				GCC_PREPROCESSOR_DEFINITIONS = (
					"DEBUG=1",
					"$(inherited)",
				);
				GCC_WARN_64_TO_32_BIT_CONVERSION = YES;
				GCC_WARN_ABOUT_RETURN_TYPE = YES_ERROR;
				GCC_WARN_UNDECLARED_SELECTOR = YES;
				GCC_WARN_UNINITIALIZED_AUTOS = YES_AGGRESSIVE;
				GCC_WARN_UNUSED_FUNCTION = YES;
				GCC_WARN_UNUSED_VARIABLE = YES;
				IPHONEOS_DEPLOYMENT_TARGET = 10.0;
				MTL_ENABLE_DEBUG_INFO = YES;
				ONLY_ACTIVE_ARCH = YES;
				SDKROOT = iphoneos;
			};
			name = Debug;
		};
		DEAB69291DD4906900707909 /* Release */ = {
			isa = XCBuildConfiguration;
			buildSettings = {
				ALWAYS_SEARCH_USER_PATHS = NO;
				CLANG_ANALYZER_NONNULL = YES;
				CLANG_CXX_LANGUAGE_STANDARD = "gnu++0x";
				CLANG_CXX_LIBRARY = "libc++";
				CLANG_ENABLE_MODULES = YES;
				CLANG_ENABLE_OBJC_ARC = YES;
				CLANG_WARN_BOOL_CONVERSION = YES;
				CLANG_WARN_CONSTANT_CONVERSION = YES;
				CLANG_WARN_DIRECT_OBJC_ISA_USAGE = YES_ERROR;
				CLANG_WARN_DOCUMENTATION_COMMENTS = YES;
				CLANG_WARN_EMPTY_BODY = YES;
				CLANG_WARN_ENUM_CONVERSION = YES;
				CLANG_WARN_INFINITE_RECURSION = YES;
				CLANG_WARN_INT_CONVERSION = YES;
				CLANG_WARN_OBJC_ROOT_CLASS = YES_ERROR;
				CLANG_WARN_SUSPICIOUS_MOVES = YES;
				CLANG_WARN_UNREACHABLE_CODE = YES;
				CLANG_WARN__DUPLICATE_METHOD_MATCH = YES;
				"CODE_SIGN_IDENTITY[sdk=iphoneos*]" = "iPhone Developer";
				COPY_PHASE_STRIP = NO;
				DEBUG_INFORMATION_FORMAT = "dwarf-with-dsym";
				ENABLE_NS_ASSERTIONS = NO;
				ENABLE_STRICT_OBJC_MSGSEND = YES;
				GCC_C_LANGUAGE_STANDARD = gnu99;
				GCC_NO_COMMON_BLOCKS = YES;
				GCC_WARN_64_TO_32_BIT_CONVERSION = YES;
				GCC_WARN_ABOUT_RETURN_TYPE = YES_ERROR;
				GCC_WARN_UNDECLARED_SELECTOR = YES;
				GCC_WARN_UNINITIALIZED_AUTOS = YES_AGGRESSIVE;
				GCC_WARN_UNUSED_FUNCTION = YES;
				GCC_WARN_UNUSED_VARIABLE = YES;
				IPHONEOS_DEPLOYMENT_TARGET = 10.0;
				MTL_ENABLE_DEBUG_INFO = NO;
				SDKROOT = iphoneos;
				VALIDATE_PRODUCT = YES;
			};
			name = Release;
		};
		DEAB692B1DD4906900707909 /* Debug */ = {
			isa = XCBuildConfiguration;
			buildSettings = {
				ASSETCATALOG_COMPILER_APPICON_NAME = AppIcon;
				DEVELOPMENT_TEAM = 4A6WKDWV93;
				INFOPLIST_FILE = WaterFall/Info.plist;
				LD_RUNPATH_SEARCH_PATHS = "$(inherited) @executable_path/Frameworks";
				PRODUCT_BUNDLE_IDENTIFIER = com.SiZheStudio.WaterFall;
				PRODUCT_NAME = "$(TARGET_NAME)";
			};
			name = Debug;
		};
		DEAB692C1DD4906900707909 /* Release */ = {
			isa = XCBuildConfiguration;
			buildSettings = {
				ASSETCATALOG_COMPILER_APPICON_NAME = AppIcon;
				DEVELOPMENT_TEAM = 4A6WKDWV93;
				INFOPLIST_FILE = WaterFall/Info.plist;
				LD_RUNPATH_SEARCH_PATHS = "$(inherited) @executable_path/Frameworks";
				PRODUCT_BUNDLE_IDENTIFIER = com.SiZheStudio.WaterFall;
				PRODUCT_NAME = "$(TARGET_NAME)";
			};
			name = Release;
		};
/* End XCBuildConfiguration section */

/* Begin XCConfigurationList section */
		DEAB690E1DD4906800707909 /* Build configuration list for PBXProject "WaterFall" */ = {
			isa = XCConfigurationList;
			buildConfigurations = (
				DEAB69281DD4906900707909 /* Debug */,
				DEAB69291DD4906900707909 /* Release */,
			);
			defaultConfigurationIsVisible = 0;
			defaultConfigurationName = Release;
		};
		DEAB692A1DD4906900707909 /* Build configuration list for PBXNativeTarget "WaterFall" */ = {
			isa = XCConfigurationList;
			buildConfigurations = (
				DEAB692B1DD4906900707909 /* Debug */,
				DEAB692C1DD4906900707909 /* Release */,
			);
			defaultConfigurationIsVisible = 0;
			defaultConfigurationName = Release;
		};
/* End XCConfigurationList section */
	};
	rootObject = DEAB690B1DD4906800707909 /* Project object */;
}
